# @generated by Move, please check-in and do not edit manually.

[move]
version = 2
manifest_digest = "EBCDB2942CFC56A44F3DFB4B6DA7B775EBF1B8EAB93F4118D4183624A98BF353"
deps_digest = "3C4103934B1E040BB6B23F1D610B4EF9F2F1166A50A104EADCF77467C004C600"
dependencies = [
  { name = "Sui" },
  { name = "my_first_package" },
]

[[move.package]]
name = "MoveStdlib"
source = { git = "https://github.com/MystenLabs/sui.git", rev = "framework/testnet", subdir = "crates/sui-framework/packages/move-stdlib" }

[[move.package]]
name = "Sui"
source = { git = "https://github.com/MystenLabs/sui.git", rev = "framework/testnet", subdir = "crates/sui-framework/packages/sui-framework" }

dependencies = [
  { name = "MoveStdlib" },
]

[[move.package]]
name = "my_first_package"
source = { local = "/Users/hocur/project/my_first_package" }

dependencies = [
  { name = "Sui" },
]

[move.toolchain-version]
compiler-version = "1.26.1"
edition = "2024.beta"
flavor = "sui"

[env]

[env.test]
chain-id = "4c78adac"
original-published-id = "0x8768e1cfda8367830b0ef1b539ce71d4a6e20e0756404a3d8a899645c3b7c30a"
latest-published-id = "0x8768e1cfda8367830b0ef1b539ce71d4a6e20e0756404a3d8a899645c3b7c30a"
published-version = "1"
